
Microsoft Visual Studio Solution File, Format Version 12.00
# Visual Studio Version 16
VisualStudioVersion = 16.0.30523.141
MinimumVisualStudioVersion = 10.0.40219.1
Project("{FAE04EC0-301F-11D3-BF4B-00C04F79EFBC}") = "Promos", "Promos\Promos.csproj", "{8820255B-FAD0-4F5F-A1B6-E42F280F394A}"
EndProject
Global
	GlobalSection(SolutionConfigurationPlatforms) = preSolution
		Debug|Any CPU = Debug|Any CPU
		Release|Any CPU = Release|Any CPU
	EndGlobalSection
	GlobalSection(ProjectConfigurationPlatforms) = postSolution
		{8820255B-FAD0-4F5F-A1B6-E42F280F394A}.Debug|Any CPU.ActiveCfg = Debug|Any CPU
		{8820255B-FAD0-4F5F-A1B6-E42F280F394A}.Debug|Any CPU.Build.0 = Debug|Any CPU
		{8820255B-FAD0-4F5F-A1B6-E42F280F394A}.Release|Any CPU.ActiveCfg = Release|Any CPU
		{8820255B-FAD0-4F5F-A1B6-E42F280F394A}.Release|Any CPU.Build.0 = Release|Any CPU
	EndGlobalSection
	GlobalSection(SolutionProperties) = preSolution
		HideSolutionNode = FALSE
	EndGlobalSection
	GlobalSection(ExtensibilityGlobals) = postSolution
		SolutionGuid = {E2EDB767-43BA-4CC4-9B92-13467CC0A20D}
	EndGlobalSection
EndGlobal
